# This file was autogenerated by Stack.
# You should not edit this file by hand.
# For more information, please see the documentation at:
#   https://docs.haskellstack.org/en/stable/lock_files

packages: []
snapshots:
- completed:
    sha256: 3c31f5b390618892fe2709b8ed72ea9107445d590d4a26fc9e008df6100821c3
    size: 699419
    url: https://raw.githubusercontent.com/commercialhaskell/stackage-snapshots/master/nightly/2023/11/30.yaml
  original: nightly-2023-11-30
